
Microsoft Visual Studio Solution File, Format Version 12.00
# Visual Studio Version 17
VisualStudioVersion = 17.8.34309.116
MinimumVisualStudioVersion = 10.0.40219.1
Project("{FAE04EC0-301F-11D3-BF4B-00C04F79EFBC}") = "ProyectoKamil", "Kamil_ABC\ProyectoKamil.csproj", "{56120E79-0995-4680-A3D8-5CA2AA8AB584}"
EndProject
Global
	GlobalSection(SolutionConfigurationPlatforms) = preSolution
		Debug|Any CPU = Debug|Any CPU
		Release|Any CPU = Release|Any CPU
	EndGlobalSection
	GlobalSection(ProjectConfigurationPlatforms) = postSolution
		{56120E79-0995-4680-A3D8-5CA2AA8AB584}.Debug|Any CPU.ActiveCfg = Debug|Any CPU
		{56120E79-0995-4680-A3D8-5CA2AA8AB584}.Debug|Any CPU.Build.0 = Debug|Any CPU
		{56120E79-0995-4680-A3D8-5CA2AA8AB584}.Release|Any CPU.ActiveCfg = Release|Any CPU
		{56120E79-0995-4680-A3D8-5CA2AA8AB584}.Release|Any CPU.Build.0 = Release|Any CPU
	EndGlobalSection
	GlobalSection(SolutionProperties) = preSolution
		HideSolutionNode = FALSE
	EndGlobalSection
	GlobalSection(ExtensibilityGlobals) = postSolution
		SolutionGuid = {DBD9E148-AC35-4929-B8EA-00B6ECE3B7EE}
	EndGlobalSection
EndGlobal
